// !$*UTF8*$!
{
	archiveVersion = 1;
	classes = {
	};
	objectVersion = 46;
	objects = {

/* Begin PBXBuildFile section */
		F451558A1E8806CB0098E5D4 /* AppDelegate.swift in Sources */ = {isa = PBXBuildFile; fileRef = F45155891E8806CB0098E5D4 /* AppDelegate.swift */; };
		F451558F1E8806CB0098E5D4 /* Main.storyboard in Resources */ = {isa = PBXBuildFile; fileRef = F451558D1E8806CB0098E5D4 /* Main.storyboard */; };
		F45155911E8806CB0098E5D4 /* Assets.xcassets in Resources */ = {isa = PBXBuildFile; fileRef = F45155901E8806CB0098E5D4 /* Assets.xcassets */; };
		F45155941E8806CB0098E5D4 /* LaunchScreen.storyboard in Resources */ = {isa = PBXBuildFile; fileRef = F45155921E8806CB0098E5D4 /* LaunchScreen.storyboard */; };
		F451559C1E88072F0098E5D4 /* RestaurantTableVC.swift in Sources */ = {isa = PBXBuildFile; fileRef = F451559B1E88072F0098E5D4 /* RestaurantTableVC.swift */; };
		F451559E1E880E880098E5D4 /* RestaurantCell.swift in Sources */ = {isa = PBXBuildFile; fileRef = F451559D1E880E880098E5D4 /* RestaurantCell.swift */; };
		F45155A21E8907840098E5D4 /* DetailsVC.swift in Sources */ = {isa = PBXBuildFile; fileRef = F45155A11E8907840098E5D4 /* DetailsVC.swift */; };
		F45155A41E8912E40098E5D4 /* DetailCell.swift in Sources */ = {isa = PBXBuildFile; fileRef = F45155A31E8912E40098E5D4 /* DetailCell.swift */; };
		F45155A61E8AD69B0098E5D4 /* RateVC.swift in Sources */ = {isa = PBXBuildFile; fileRef = F45155A51E8AD69B0098E5D4 /* RateVC.swift */; };
		F4BA3C0E1E913F20004A7B0A /* NewRestaurantTableVC.swift in Sources */ = {isa = PBXBuildFile; fileRef = F4BA3C0D1E913F20004A7B0A /* NewRestaurantTableVC.swift */; };
		F4BA3C361E923CAC004A7B0A /* CoreDataStack.swift in Sources */ = {isa = PBXBuildFile; fileRef = F4BA3C351E923CAC004A7B0A /* CoreDataStack.swift */; };
		F4BA3C391E923D5E004A7B0A /* RestaurantApp.xcdatamodeld in Sources */ = {isa = PBXBuildFile; fileRef = F4BA3C371E923D5E004A7B0A /* RestaurantApp.xcdatamodeld */; };
		F4DB645B1E8E665600E8862D /* MapKit.framework in Frameworks */ = {isa = PBXBuildFile; fileRef = F4DB645A1E8E665600E8862D /* MapKit.framework */; };
		F4FE20E01E8E909D0034A5DC /* MapVC.swift in Sources */ = {isa = PBXBuildFile; fileRef = F4FE20DF1E8E909D0034A5DC /* MapVC.swift */; };
/* End PBXBuildFile section */

/* Begin PBXFileReference section */
		F45155861E8806CB0098E5D4 /* RestaurantApp.app */ = {isa = PBXFileReference; explicitFileType = wrapper.application; includeInIndex = 0; path = RestaurantApp.app; sourceTree = BUILT_PRODUCTS_DIR; };
		F45155891E8806CB0098E5D4 /* AppDelegate.swift */ = {isa = PBXFileReference; lastKnownFileType = sourcecode.swift; path = AppDelegate.swift; sourceTree = "<group>"; };
		F451558E1E8806CB0098E5D4 /* Base */ = {isa = PBXFileReference; lastKnownFileType = file.storyboard; name = Base; path = Base.lproj/Main.storyboard; sourceTree = "<group>"; };
		F45155901E8806CB0098E5D4 /* Assets.xcassets */ = {isa = PBXFileReference; lastKnownFileType = folder.assetcatalog; path = Assets.xcassets; sourceTree = "<group>"; };
		F45155931E8806CB0098E5D4 /* Base */ = {isa = PBXFileReference; lastKnownFileType = file.storyboard; name = Base; path = Base.lproj/LaunchScreen.storyboard; sourceTree = "<group>"; };
		F45155951E8806CB0098E5D4 /* Info.plist */ = {isa = PBXFileReference; lastKnownFileType = text.plist.xml; path = Info.plist; sourceTree = "<group>"; };
		F451559B1E88072F0098E5D4 /* RestaurantTableVC.swift */ = {isa = PBXFileReference; fileEncoding = 4; lastKnownFileType = sourcecode.swift; path = RestaurantTableVC.swift; sourceTree = "<group>"; };
		F451559D1E880E880098E5D4 /* RestaurantCell.swift */ = {isa = PBXFileReference; fileEncoding = 4; lastKnownFileType = sourcecode.swift; path = RestaurantCell.swift; sourceTree = "<group>"; };
		F45155A11E8907840098E5D4 /* DetailsVC.swift */ = {isa = PBXFileReference; fileEncoding = 4; lastKnownFileType = sourcecode.swift; path = DetailsVC.swift; sourceTree = "<group>"; };
		F45155A31E8912E40098E5D4 /* DetailCell.swift */ = {isa = PBXFileReference; fileEncoding = 4; lastKnownFileType = sourcecode.swift; path = DetailCell.swift; sourceTree = "<group>"; };
		F45155A51E8AD69B0098E5D4 /* RateVC.swift */ = {isa = PBXFileReference; fileEncoding = 4; lastKnownFileType = sourcecode.swift; path = RateVC.swift; sourceTree = "<group>"; };
		F4BA3C0D1E913F20004A7B0A /* NewRestaurantTableVC.swift */ = {isa = PBXFileReference; fileEncoding = 4; lastKnownFileType = sourcecode.swift; path = NewRestaurantTableVC.swift; sourceTree = "<group>"; };
		F4BA3C351E923CAC004A7B0A /* CoreDataStack.swift */ = {isa = PBXFileReference; fileEncoding = 4; lastKnownFileType = sourcecode.swift; path = CoreDataStack.swift; sourceTree = "<group>"; };
		F4BA3C381E923D5E004A7B0A /* RestaurantApp.xcdatamodel */ = {isa = PBXFileReference; lastKnownFileType = wrapper.xcdatamodel; path = RestaurantApp.xcdatamodel; sourceTree = "<group>"; };
		F4DB645A1E8E665600E8862D /* MapKit.framework */ = {isa = PBXFileReference; lastKnownFileType = wrapper.framework; name = MapKit.framework; path = System/Library/Frameworks/MapKit.framework; sourceTree = SDKROOT; };
		F4FE20DF1E8E909D0034A5DC /* MapVC.swift */ = {isa = PBXFileReference; fileEncoding = 4; lastKnownFileType = sourcecode.swift; path = MapVC.swift; sourceTree = "<group>"; };
/* End PBXFileReference section */

/* Begin PBXFrameworksBuildPhase section */
		F45155831E8806CB0098E5D4 /* Frameworks */ = {
			isa = PBXFrameworksBuildPhase;
			buildActionMask = 2147483647;
			files = (
				F4DB645B1E8E665600E8862D /* MapKit.framework in Frameworks */,
			);
			runOnlyForDeploymentPostprocessing = 0;
		};
/* End PBXFrameworksBuildPhase section */

/* Begin PBXGroup section */
		F451557D1E8806CB0098E5D4 = {
			isa = PBXGroup;
			children = (
				F45155881E8806CB0098E5D4 /* RestaurantApp */,
				F45155871E8806CB0098E5D4 /* Products */,
				F4DB64591E8E665600E8862D /* Frameworks */,
			);
			sourceTree = "<group>";
		};
		F45155871E8806CB0098E5D4 /* Products */ = {
			isa = PBXGroup;
			children = (
				F45155861E8806CB0098E5D4 /* RestaurantApp.app */,
			);
			name = Products;
			sourceTree = "<group>";
		};
		F45155881E8806CB0098E5D4 /* RestaurantApp */ = {
			isa = PBXGroup;
			children = (
				F4BA3C3C1E924A88004A7B0A /* Model */,
				F4BA3C3B1E924A81004A7B0A /* View */,
				F4BA3C3A1E924A76004A7B0A /* Controller */,
				F45155891E8806CB0098E5D4 /* AppDelegate.swift */,
				F451558D1E8806CB0098E5D4 /* Main.storyboard */,
				F45155901E8806CB0098E5D4 /* Assets.xcassets */,
				F45155921E8806CB0098E5D4 /* LaunchScreen.storyboard */,
				F4BA3C371E923D5E004A7B0A /* RestaurantApp.xcdatamodeld */,
				F45155951E8806CB0098E5D4 /* Info.plist */,
			);
			path = RestaurantApp;
			sourceTree = "<group>";
		};
		F4BA3C3A1E924A76004A7B0A /* Controller */ = {
			isa = PBXGroup;
			children = (
				F451559B1E88072F0098E5D4 /* RestaurantTableVC.swift */,
				F4BA3C0D1E913F20004A7B0A /* NewRestaurantTableVC.swift */,
				F4FE20DF1E8E909D0034A5DC /* MapVC.swift */,
				F45155A11E8907840098E5D4 /* DetailsVC.swift */,
				F45155A51E8AD69B0098E5D4 /* RateVC.swift */,
			);
			name = Controller;
			sourceTree = "<group>";
		};
		F4BA3C3B1E924A81004A7B0A /* View */ = {
			isa = PBXGroup;
			children = (
				F45155A31E8912E40098E5D4 /* DetailCell.swift */,
				F451559D1E880E880098E5D4 /* RestaurantCell.swift */,
			);
			name = View;
			sourceTree = "<group>";
		};
		F4BA3C3C1E924A88004A7B0A /* Model */ = {
			isa = PBXGroup;
			children = (
				F4BA3C351E923CAC004A7B0A /* CoreDataStack.swift */,
			);
			name = Model;
			sourceTree = "<group>";
		};
		F4DB64591E8E665600E8862D /* Frameworks */ = {
			isa = PBXGroup;
			children = (
				F4DB645A1E8E665600E8862D /* MapKit.framework */,
			);
			name = Frameworks;
			sourceTree = "<group>";
		};
/* End PBXGroup section */

/* Begin PBXNativeTarget section */
		F45155851E8806CB0098E5D4 /* RestaurantApp */ = {
			isa = PBXNativeTarget;
			buildConfigurationList = F45155981E8806CB0098E5D4 /* Build configuration list for PBXNativeTarget "RestaurantApp" */;
			buildPhases = (
				F45155821E8806CB0098E5D4 /* Sources */,
				F45155831E8806CB0098E5D4 /* Frameworks */,
				F45155841E8806CB0098E5D4 /* Resources */,
			);
			buildRules = (
			);
			dependencies = (
			);
			name = RestaurantApp;
			productName = RestaurantApp;
			productReference = F45155861E8806CB0098E5D4 /* RestaurantApp.app */;
			productType = "com.apple.product-type.application";
		};
/* End PBXNativeTarget section */

/* Begin PBXProject section */
		F451557E1E8806CB0098E5D4 /* Project object */ = {
			isa = PBXProject;
			attributes = {
				LastSwiftUpdateCheck = 0820;
				LastUpgradeCheck = 0820;
				ORGANIZATIONNAME = "Andriy Herasymenko";
				TargetAttributes = {
					F45155851E8806CB0098E5D4 = {
						CreatedOnToolsVersion = 8.2.1;
						DevelopmentTeam = NWLTFVL62E;
						ProvisioningStyle = Automatic;
						SystemCapabilities = {
							com.apple.Maps.iOS = {
								enabled = 1;
							};
						};
					};
				};
			};
			buildConfigurationList = F45155811E8806CB0098E5D4 /* Build configuration list for PBXProject "RestaurantApp" */;
			compatibilityVersion = "Xcode 3.2";
			developmentRegion = English;
			hasScannedForEncodings = 0;
			knownRegions = (
				en,
				Base,
			);
			mainGroup = F451557D1E8806CB0098E5D4;
			productRefGroup = F45155871E8806CB0098E5D4 /* Products */;
			projectDirPath = "";
			projectRoot = "";
			targets = (
				F45155851E8806CB0098E5D4 /* RestaurantApp */,
			);
		};
/* End PBXProject section */

/* Begin PBXResourcesBuildPhase section */
		F45155841E8806CB0098E5D4 /* Resources */ = {
			isa = PBXResourcesBuildPhase;
			buildActionMask = 2147483647;
			files = (
				F45155941E8806CB0098E5D4 /* LaunchScreen.storyboard in Resources */,
				F45155911E8806CB0098E5D4 /* Assets.xcassets in Resources */,
				F451558F1E8806CB0098E5D4 /* Main.storyboard in Resources */,
			);
			runOnlyForDeploymentPostprocessing = 0;
		};
/* End PBXResourcesBuildPhase section */

/* Begin PBXSourcesBuildPhase section */
		F45155821E8806CB0098E5D4 /* Sources */ = {
			isa = PBXSourcesBuildPhase;
			buildActionMask = 2147483647;
			files = (
				F451559E1E880E880098E5D4 /* RestaurantCell.swift in Sources */,
				F45155A41E8912E40098E5D4 /* DetailCell.swift in Sources */,
				F451559C1E88072F0098E5D4 /* RestaurantTableVC.swift in Sources */,
				F451558A1E8806CB0098E5D4 /* AppDelegate.swift in Sources */,
				F4BA3C361E923CAC004A7B0A /* CoreDataStack.swift in Sources */,
				F4FE20E01E8E909D0034A5DC /* MapVC.swift in Sources */,
				F45155A61E8AD69B0098E5D4 /* RateVC.swift in Sources */,
				F4BA3C391E923D5E004A7B0A /* RestaurantApp.xcdatamodeld in Sources */,
				F4BA3C0E1E913F20004A7B0A /* NewRestaurantTableVC.swift in Sources */,
				F45155A21E8907840098E5D4 /* DetailsVC.swift in Sources */,
			);
			runOnlyForDeploymentPostprocessing = 0;
		};
/* End PBXSourcesBuildPhase section */

/* Begin PBXVariantGroup section */
		F451558D1E8806CB0098E5D4 /* Main.storyboard */ = {
			isa = PBXVariantGroup;
			children = (
				F451558E1E8806CB0098E5D4 /* Base */,
			);
			name = Main.storyboard;
			sourceTree = "<group>";
		};
		F45155921E8806CB0098E5D4 /* LaunchScreen.storyboard */ = {
			isa = PBXVariantGroup;
			children = (
				F45155931E8806CB0098E5D4 /* Base */,
			);
			name = LaunchScreen.storyboard;
			sourceTree = "<group>";
		};
/* End PBXVariantGroup section */

/* Begin XCBuildConfiguration section */
		F45155961E8806CB0098E5D4 /* Debug */ = {
			isa = XCBuildConfiguration;
			buildSettings = {
				ALWAYS_SEARCH_USER_PATHS = NO;
				CLANG_ANALYZER_NONNULL = YES;
				CLANG_CXX_LANGUAGE_STANDARD = "gnu++0x";
				CLANG_CXX_LIBRARY = "libc++";
				CLANG_ENABLE_MODULES = YES;
				CLANG_ENABLE_OBJC_ARC = YES;
				CLANG_WARN_BOOL_CONVERSION = YES;
				CLANG_WARN_CONSTANT_CONVERSION = YES;
				CLANG_WARN_DIRECT_OBJC_ISA_USAGE = YES_ERROR;
				CLANG_WARN_DOCUMENTATION_COMMENTS = YES;
				CLANG_WARN_EMPTY_BODY = YES;
				CLANG_WARN_ENUM_CONVERSION = YES;
				CLANG_WARN_INFINITE_RECURSION = YES;
				CLANG_WARN_INT_CONVERSION = YES;
				CLANG_WARN_OBJC_ROOT_CLASS = YES_ERROR;
				CLANG_WARN_SUSPICIOUS_MOVE = YES;
				CLANG_WARN_UNREACHABLE_CODE = YES;
				CLANG_WARN__DUPLICATE_METHOD_MATCH = YES;
				"CODE_SIGN_IDENTITY[sdk=iphoneos*]" = "iPhone Developer";
				COPY_PHASE_STRIP = NO;
				DEBUG_INFORMATION_FORMAT = dwarf;
				ENABLE_STRICT_OBJC_MSGSEND = YES;
				ENABLE_TESTABILITY = YES;
				GCC_C_LANGUAGE_STANDARD = gnu99;
				GCC_DYNAMIC_NO_PIC = NO;
				GCC_NO_COMMON_BLOCKS = YES;
				GCC_OPTIMIZATION_LEVEL = 0;
				GCC_PREPROCESSOR_DEFINITIONS = (
					"DEBUG=1",
					"$(inherited)",
				);
				GCC_WARN_64_TO_32_BIT_CONVERSION = YES;
				GCC_WARN_ABOUT_RETURN_TYPE = YES_ERROR;
				GCC_WARN_UNDECLARED_SELECTOR = YES;
				GCC_WARN_UNINITIALIZED_AUTOS = YES_AGGRESSIVE;
				GCC_WARN_UNUSED_FUNCTION = YES;
				GCC_WARN_UNUSED_VARIABLE = YES;
				IPHONEOS_DEPLOYMENT_TARGET = 10.2;
				MTL_ENABLE_DEBUG_INFO = YES;
				ONLY_ACTIVE_ARCH = YES;
				SDKROOT = iphoneos;
				SWIFT_ACTIVE_COMPILATION_CONDITIONS = DEBUG;
				SWIFT_OPTIMIZATION_LEVEL = "-Onone";
				TARGETED_DEVICE_FAMILY = "1,2";
			};
			name = Debug;
		};
		F45155971E8806CB0098E5D4 /* Release */ = {
			isa = XCBuildConfiguration;
			buildSettings = {
				ALWAYS_SEARCH_USER_PATHS = NO;
				CLANG_ANALYZER_NONNULL = YES;
				CLANG_CXX_LANGUAGE_STANDARD = "gnu++0x";
				CLANG_CXX_LIBRARY = "libc++";
				CLANG_ENABLE_MODULES = YES;
				CLANG_ENABLE_OBJC_ARC = YES;
				CLANG_WARN_BOOL_CONVERSION = YES;
				CLANG_WARN_CONSTANT_CONVERSION = YES;
				CLANG_WARN_DIRECT_OBJC_ISA_USAGE = YES_ERROR;
				CLANG_WARN_DOCUMENTATION_COMMENTS = YES;
				CLANG_WARN_EMPTY_BODY = YES;
				CLANG_WARN_ENUM_CONVERSION = YES;
				CLANG_WARN_INFINITE_RECURSION = YES;
				CLANG_WARN_INT_CONVERSION = YES;
				CLANG_WARN_OBJC_ROOT_CLASS = YES_ERROR;
				CLANG_WARN_SUSPICIOUS_MOVE = YES;
				CLANG_WARN_UNREACHABLE_CODE = YES;
				CLANG_WARN__DUPLICATE_METHOD_MATCH = YES;
				"CODE_SIGN_IDENTITY[sdk=iphoneos*]" = "iPhone Developer";
				COPY_PHASE_STRIP = NO;
				DEBUG_INFORMATION_FORMAT = "dwarf-with-dsym";
				ENABLE_NS_ASSERTIONS = NO;
				ENABLE_STRICT_OBJC_MSGSEND = YES;
				GCC_C_LANGUAGE_STANDARD = gnu99;
				GCC_NO_COMMON_BLOCKS = YES;
				GCC_WARN_64_TO_32_BIT_CONVERSION = YES;
				GCC_WARN_ABOUT_RETURN_TYPE = YES_ERROR;
				GCC_WARN_UNDECLARED_SELECTOR = YES;
				GCC_WARN_UNINITIALIZED_AUTOS = YES_AGGRESSIVE;
				GCC_WARN_UNUSED_FUNCTION = YES;
				GCC_WARN_UNUSED_VARIABLE = YES;
				IPHONEOS_DEPLOYMENT_TARGET = 10.2;
				MTL_ENABLE_DEBUG_INFO = NO;
				SDKROOT = iphoneos;
				SWIFT_OPTIMIZATION_LEVEL = "-Owholemodule";
				TARGETED_DEVICE_FAMILY = "1,2";
				VALIDATE_PRODUCT = YES;
			};
			name = Release;
		};
		F45155991E8806CB0098E5D4 /* Debug */ = {
			isa = XCBuildConfiguration;
			buildSettings = {
				ASSETCATALOG_COMPILER_APPICON_NAME = AppIcon;
				"CODE_SIGN_IDENTITY[sdk=iphoneos*]" = "iPhone Developer";
				DEVELOPMENT_TEAM = NWLTFVL62E;
				INFOPLIST_FILE = RestaurantApp/Info.plist;
				LD_RUNPATH_SEARCH_PATHS = "$(inherited) @executable_path/Frameworks";
				PRODUCT_BUNDLE_IDENTIFIER = com.andriy.herasymenko.RestaurantApp;
				PRODUCT_NAME = "$(TARGET_NAME)";
				SWIFT_VERSION = 3.0;
			};
			name = Debug;
		};
		F451559A1E8806CB0098E5D4 /* Release */ = {
			isa = XCBuildConfiguration;
			buildSettings = {
				ASSETCATALOG_COMPILER_APPICON_NAME = AppIcon;
				"CODE_SIGN_IDENTITY[sdk=iphoneos*]" = "iPhone Developer";
				DEVELOPMENT_TEAM = NWLTFVL62E;
				INFOPLIST_FILE = RestaurantApp/Info.plist;
				LD_RUNPATH_SEARCH_PATHS = "$(inherited) @executable_path/Frameworks";
				PRODUCT_BUNDLE_IDENTIFIER = com.andriy.herasymenko.RestaurantApp;
				PRODUCT_NAME = "$(TARGET_NAME)";
				SWIFT_VERSION = 3.0;
			};
			name = Release;
		};
/* End XCBuildConfiguration section */

/* Begin XCConfigurationList section */
		F45155811E8806CB0098E5D4 /* Build configuration list for PBXProject "RestaurantApp" */ = {
			isa = XCConfigurationList;
			buildConfigurations = (
				F45155961E8806CB0098E5D4 /* Debug */,
				F45155971E8806CB0098E5D4 /* Release */,
			);
			defaultConfigurationIsVisible = 0;
			defaultConfigurationName = Release;
		};
		F45155981E8806CB0098E5D4 /* Build configuration list for PBXNativeTarget "RestaurantApp" */ = {
			isa = XCConfigurationList;
			buildConfigurations = (
				F45155991E8806CB0098E5D4 /* Debug */,
				F451559A1E8806CB0098E5D4 /* Release */,
			);
			defaultConfigurationIsVisible = 0;
			defaultConfigurationName = Release;
		};
/* End XCConfigurationList section */

/* Begin XCVersionGroup section */
		F4BA3C371E923D5E004A7B0A /* RestaurantApp.xcdatamodeld */ = {
			isa = XCVersionGroup;
			children = (
				F4BA3C381E923D5E004A7B0A /* RestaurantApp.xcdatamodel */,
			);
			currentVersion = F4BA3C381E923D5E004A7B0A /* RestaurantApp.xcdatamodel */;
			path = RestaurantApp.xcdatamodeld;
			sourceTree = "<group>";
			versionGroupType = wrapper.xcdatamodel;
		};
/* End XCVersionGroup section */
	};
	rootObject = F451557E1E8806CB0098E5D4 /* Project object */;
}
